
Microsoft Visual Studio Solution File, Format Version 12.00
# Visual Studio Version 17
VisualStudioVersion = 17.2.32630.192
MinimumVisualStudioVersion = 10.0.40219.1
Project("{FAE04EC0-301F-11D3-BF4B-00C04F79EFBC}") = "PhotoBackend", "PhotoBackend\PhotoBackend.csproj", "{F4FBB568-00DD-4F7B-A5F6-105778EDF3EE}"
EndProject
Global
	GlobalSection(SolutionConfigurationPlatforms) = preSolution
		Debug|Any CPU = Debug|Any CPU
		Release|Any CPU = Release|Any CPU
	EndGlobalSection
	GlobalSection(ProjectConfigurationPlatforms) = postSolution
		{F4FBB568-00DD-4F7B-A5F6-105778EDF3EE}.Debug|Any CPU.ActiveCfg = Debug|Any CPU
		{F4FBB568-00DD-4F7B-A5F6-105778EDF3EE}.Debug|Any CPU.Build.0 = Debug|Any CPU
		{F4FBB568-00DD-4F7B-A5F6-105778EDF3EE}.Release|Any CPU.ActiveCfg = Release|Any CPU
		{F4FBB568-00DD-4F7B-A5F6-105778EDF3EE}.Release|Any CPU.Build.0 = Release|Any CPU
	EndGlobalSection
	GlobalSection(SolutionProperties) = preSolution
		HideSolutionNode = FALSE
	EndGlobalSection
	GlobalSection(ExtensibilityGlobals) = postSolution
		SolutionGuid = {74C07028-ACCB-4FB3-B5AD-E79587B61D75}
	EndGlobalSection
EndGlobal
